// !$*UTF8*$!
{
	archiveVersion = 1;
	classes = {
	};
	objectVersion = 50;
	objects = {

/* Begin PBXBuildFile section */
		B505EA8E2277F0D500A8A345 /* MovieTableViewCell.swift in Sources */ = {isa = PBXBuildFile; fileRef = B505EA8D2277F0D500A8A345 /* MovieTableViewCell.swift */; };
		B52E6CE4226BA17600ABB5E3 /* AppDelegate.swift in Sources */ = {isa = PBXBuildFile; fileRef = B52E6CE3226BA17600ABB5E3 /* AppDelegate.swift */; };
		B52E6CE6226BA17600ABB5E3 /* ViewController.swift in Sources */ = {isa = PBXBuildFile; fileRef = B52E6CE5226BA17600ABB5E3 /* ViewController.swift */; };
		B52E6CE9226BA17600ABB5E3 /* Main.storyboard in Resources */ = {isa = PBXBuildFile; fileRef = B52E6CE7226BA17600ABB5E3 /* Main.storyboard */; };
		B52E6CEB226BA17700ABB5E3 /* Assets.xcassets in Resources */ = {isa = PBXBuildFile; fileRef = B52E6CEA226BA17700ABB5E3 /* Assets.xcassets */; };
		B52E6CEE226BA17700ABB5E3 /* LaunchScreen.storyboard in Resources */ = {isa = PBXBuildFile; fileRef = B52E6CEC226BA17700ABB5E3 /* LaunchScreen.storyboard */; };
		B52E6CF9226BA17700ABB5E3 /* WatchlistTests.swift in Sources */ = {isa = PBXBuildFile; fileRef = B52E6CF8226BA17700ABB5E3 /* WatchlistTests.swift */; };
		B58BEDBC226C430000A3B9F6 /* TMDBSwift.framework in Frameworks */ = {isa = PBXBuildFile; fileRef = B58BEDB1226C42F200A3B9F6 /* TMDBSwift.framework */; };
		B58BEDBD226C430000A3B9F6 /* TMDBSwift.framework in Embed Frameworks */ = {isa = PBXBuildFile; fileRef = B58BEDB1226C42F200A3B9F6 /* TMDBSwift.framework */; settings = {ATTRIBUTES = (CodeSignOnCopy, RemoveHeadersOnCopy, ); }; };
/* End PBXBuildFile section */

/* Begin PBXContainerItemProxy section */
		B52E6CF5226BA17700ABB5E3 /* PBXContainerItemProxy */ = {
			isa = PBXContainerItemProxy;
			containerPortal = B52E6CD8226BA17600ABB5E3 /* Project object */;
			proxyType = 1;
			remoteGlobalIDString = B52E6CDF226BA17600ABB5E3;
			remoteInfo = Watchlist;
		};
		B58BEDB0226C42F200A3B9F6 /* PBXContainerItemProxy */ = {
			isa = PBXContainerItemProxy;
			containerPortal = B58BEDA7226C42F200A3B9F6 /* TMDBSwift.xcodeproj */;
			proxyType = 2;
			remoteGlobalIDString = 5EF1B26B1CB72DBF00B49F4E;
			remoteInfo = "TMDBSwift-iOS";
		};
		B58BEDB2226C42F200A3B9F6 /* PBXContainerItemProxy */ = {
			isa = PBXContainerItemProxy;
			containerPortal = B58BEDA7226C42F200A3B9F6 /* TMDBSwift.xcodeproj */;
			proxyType = 2;
			remoteGlobalIDString = 5EF1B2751CB72DC000B49F4E;
			remoteInfo = "TMDBSwift-iOSTests";
		};
		B58BEDB4226C42F200A3B9F6 /* PBXContainerItemProxy */ = {
			isa = PBXContainerItemProxy;
			containerPortal = B58BEDA7226C42F200A3B9F6 /* TMDBSwift.xcodeproj */;
			proxyType = 2;
			remoteGlobalIDString = 6F62A0B420CB935F000744A9;
			remoteInfo = "TMDBSwift-macOS";
		};
		B58BEDB6226C42F200A3B9F6 /* PBXContainerItemProxy */ = {
			isa = PBXContainerItemProxy;
			containerPortal = B58BEDA7226C42F200A3B9F6 /* TMDBSwift.xcodeproj */;
			proxyType = 2;
			remoteGlobalIDString = 6F62A0BC20CB935F000744A9;
			remoteInfo = "TMDBSwift-macOSTests";
		};
		B58BEDB8226C42F200A3B9F6 /* PBXContainerItemProxy */ = {
			isa = PBXContainerItemProxy;
			containerPortal = B58BEDA7226C42F200A3B9F6 /* TMDBSwift.xcodeproj */;
			proxyType = 2;
			remoteGlobalIDString = D1D3B4C9212980C2002B3486;
			remoteInfo = "TMDBSwift-tvOS";
		};
		B58BEDBA226C42F200A3B9F6 /* PBXContainerItemProxy */ = {
			isa = PBXContainerItemProxy;
			containerPortal = B58BEDA7226C42F200A3B9F6 /* TMDBSwift.xcodeproj */;
			proxyType = 2;
			remoteGlobalIDString = D1D3B4D1212980C2002B3486;
			remoteInfo = "TMDBSwift-tvOSTests";
		};
		B58BEDBE226C430000A3B9F6 /* PBXContainerItemProxy */ = {
			isa = PBXContainerItemProxy;
			containerPortal = B58BEDA7226C42F200A3B9F6 /* TMDBSwift.xcodeproj */;
			proxyType = 1;
			remoteGlobalIDString = 5EF1B26A1CB72DBF00B49F4E;
			remoteInfo = "TMDBSwift-iOS";
		};
/* End PBXContainerItemProxy section */

/* Begin PBXCopyFilesBuildPhase section */
		B58BEDC0226C430000A3B9F6 /* Embed Frameworks */ = {
			isa = PBXCopyFilesBuildPhase;
			buildActionMask = 2147483647;
			dstPath = "";
			dstSubfolderSpec = 10;
			files = (
				B58BEDBD226C430000A3B9F6 /* TMDBSwift.framework in Embed Frameworks */,
			);
			name = "Embed Frameworks";
			runOnlyForDeploymentPostprocessing = 0;
		};
/* End PBXCopyFilesBuildPhase section */

/* Begin PBXFileReference section */
		B505EA8D2277F0D500A8A345 /* MovieTableViewCell.swift */ = {isa = PBXFileReference; lastKnownFileType = sourcecode.swift; path = MovieTableViewCell.swift; sourceTree = "<group>"; };
		B52E6CE0226BA17600ABB5E3 /* Watchlist.app */ = {isa = PBXFileReference; explicitFileType = wrapper.application; includeInIndex = 0; path = Watchlist.app; sourceTree = BUILT_PRODUCTS_DIR; };
		B52E6CE3226BA17600ABB5E3 /* AppDelegate.swift */ = {isa = PBXFileReference; lastKnownFileType = sourcecode.swift; path = AppDelegate.swift; sourceTree = "<group>"; };
		B52E6CE5226BA17600ABB5E3 /* ViewController.swift */ = {isa = PBXFileReference; lastKnownFileType = sourcecode.swift; path = ViewController.swift; sourceTree = "<group>"; };
		B52E6CE8226BA17600ABB5E3 /* Base */ = {isa = PBXFileReference; lastKnownFileType = file.storyboard; name = Base; path = Base.lproj/Main.storyboard; sourceTree = "<group>"; };
		B52E6CEA226BA17700ABB5E3 /* Assets.xcassets */ = {isa = PBXFileReference; lastKnownFileType = folder.assetcatalog; path = Assets.xcassets; sourceTree = "<group>"; };
		B52E6CED226BA17700ABB5E3 /* Base */ = {isa = PBXFileReference; lastKnownFileType = file.storyboard; name = Base; path = Base.lproj/LaunchScreen.storyboard; sourceTree = "<group>"; };
		B52E6CEF226BA17700ABB5E3 /* Info.plist */ = {isa = PBXFileReference; lastKnownFileType = text.plist.xml; path = Info.plist; sourceTree = "<group>"; };
		B52E6CF4226BA17700ABB5E3 /* WatchlistTests.xctest */ = {isa = PBXFileReference; explicitFileType = wrapper.cfbundle; includeInIndex = 0; path = WatchlistTests.xctest; sourceTree = BUILT_PRODUCTS_DIR; };
		B52E6CF8226BA17700ABB5E3 /* WatchlistTests.swift */ = {isa = PBXFileReference; lastKnownFileType = sourcecode.swift; path = WatchlistTests.swift; sourceTree = "<group>"; };
		B52E6CFA226BA17700ABB5E3 /* Info.plist */ = {isa = PBXFileReference; lastKnownFileType = text.plist.xml; path = Info.plist; sourceTree = "<group>"; };
		B58BEDA7226C42F200A3B9F6 /* TMDBSwift.xcodeproj */ = {isa = PBXFileReference; lastKnownFileType = "wrapper.pb-project"; name = TMDBSwift.xcodeproj; path = "../TheMovieDatabaseSwiftWrapper-master/TMDBSwift.xcodeproj"; sourceTree = "<group>"; };
/* End PBXFileReference section */

/* Begin PBXFrameworksBuildPhase section */
		B52E6CDD226BA17600ABB5E3 /* Frameworks */ = {
			isa = PBXFrameworksBuildPhase;
			buildActionMask = 2147483647;
			files = (
				B58BEDBC226C430000A3B9F6 /* TMDBSwift.framework in Frameworks */,
			);
			runOnlyForDeploymentPostprocessing = 0;
		};
		B52E6CF1226BA17700ABB5E3 /* Frameworks */ = {
			isa = PBXFrameworksBuildPhase;
			buildActionMask = 2147483647;
			files = (
			);
			runOnlyForDeploymentPostprocessing = 0;
		};
/* End PBXFrameworksBuildPhase section */

/* Begin PBXGroup section */
		B52E6CD7226BA17600ABB5E3 = {
			isa = PBXGroup;
			children = (
				B58BEDA7226C42F200A3B9F6 /* TMDBSwift.xcodeproj */,
				B52E6CE2226BA17600ABB5E3 /* Watchlist */,
				B52E6CF7226BA17700ABB5E3 /* WatchlistTests */,
				B52E6CE1226BA17600ABB5E3 /* Products */,
			);
			sourceTree = "<group>";
		};
		B52E6CE1226BA17600ABB5E3 /* Products */ = {
			isa = PBXGroup;
			children = (
				B52E6CE0226BA17600ABB5E3 /* Watchlist.app */,
				B52E6CF4226BA17700ABB5E3 /* WatchlistTests.xctest */,
			);
			name = Products;
			sourceTree = "<group>";
		};
		B52E6CE2226BA17600ABB5E3 /* Watchlist */ = {
			isa = PBXGroup;
			children = (
				B52E6CE3226BA17600ABB5E3 /* AppDelegate.swift */,
				B52E6CE5226BA17600ABB5E3 /* ViewController.swift */,
				B52E6CE7226BA17600ABB5E3 /* Main.storyboard */,
				B505EA8D2277F0D500A8A345 /* MovieTableViewCell.swift */,
				B52E6CEA226BA17700ABB5E3 /* Assets.xcassets */,
				B52E6CEC226BA17700ABB5E3 /* LaunchScreen.storyboard */,
				B52E6CEF226BA17700ABB5E3 /* Info.plist */,
			);
			path = Watchlist;
			sourceTree = "<group>";
		};
		B52E6CF7226BA17700ABB5E3 /* WatchlistTests */ = {
			isa = PBXGroup;
			children = (
				B52E6CF8226BA17700ABB5E3 /* WatchlistTests.swift */,
				B52E6CFA226BA17700ABB5E3 /* Info.plist */,
			);
			path = WatchlistTests;
			sourceTree = "<group>";
		};
		B58BEDA8226C42F200A3B9F6 /* Products */ = {
			isa = PBXGroup;
			children = (
				B58BEDB1226C42F200A3B9F6 /* TMDBSwift.framework */,
				B58BEDB3226C42F200A3B9F6 /* TMDBSwift-iOSTests.xctest */,
				B58BEDB5226C42F200A3B9F6 /* TMDBSwift.framework */,
				B58BEDB7226C42F200A3B9F6 /* TMDBSwift-macOSTests.xctest */,
				B58BEDB9226C42F200A3B9F6 /* TMDBSwift.framework */,
				B58BEDBB226C42F200A3B9F6 /* TMDBSwift-tvOSTests.xctest */,
			);
			name = Products;
			sourceTree = "<group>";
		};
/* End PBXGroup section */

/* Begin PBXNativeTarget section */
		B52E6CDF226BA17600ABB5E3 /* Watchlist */ = {
			isa = PBXNativeTarget;
			buildConfigurationList = B52E6CFD226BA17700ABB5E3 /* Build configuration list for PBXNativeTarget "Watchlist" */;
			buildPhases = (
				B52E6CDC226BA17600ABB5E3 /* Sources */,
				B52E6CDD226BA17600ABB5E3 /* Frameworks */,
				B52E6CDE226BA17600ABB5E3 /* Resources */,
				B58BEDC0226C430000A3B9F6 /* Embed Frameworks */,
			);
			buildRules = (
			);
			dependencies = (
				B58BEDBF226C430000A3B9F6 /* PBXTargetDependency */,
			);
			name = Watchlist;
			productName = Watchlist;
			productReference = B52E6CE0226BA17600ABB5E3 /* Watchlist.app */;
			productType = "com.apple.product-type.application";
		};
		B52E6CF3226BA17700ABB5E3 /* WatchlistTests */ = {
			isa = PBXNativeTarget;
			buildConfigurationList = B52E6D00226BA17700ABB5E3 /* Build configuration list for PBXNativeTarget "WatchlistTests" */;
			buildPhases = (
				B52E6CF0226BA17700ABB5E3 /* Sources */,
				B52E6CF1226BA17700ABB5E3 /* Frameworks */,
				B52E6CF2226BA17700ABB5E3 /* Resources */,
			);
			buildRules = (
			);
			dependencies = (
				B52E6CF6226BA17700ABB5E3 /* PBXTargetDependency */,
			);
			name = WatchlistTests;
			productName = WatchlistTests;
			productReference = B52E6CF4226BA17700ABB5E3 /* WatchlistTests.xctest */;
			productType = "com.apple.product-type.bundle.unit-test";
		};
/* End PBXNativeTarget section */

/* Begin PBXProject section */
		B52E6CD8226BA17600ABB5E3 /* Project object */ = {
			isa = PBXProject;
			attributes = {
				LastSwiftUpdateCheck = 1010;
				LastUpgradeCheck = 1010;
				ORGANIZATIONNAME = "Corey Comish";
				TargetAttributes = {
					B52E6CDF226BA17600ABB5E3 = {
						CreatedOnToolsVersion = 10.1;
					};
					B52E6CF3226BA17700ABB5E3 = {
						CreatedOnToolsVersion = 10.1;
						TestTargetID = B52E6CDF226BA17600ABB5E3;
					};
				};
			};
			buildConfigurationList = B52E6CDB226BA17600ABB5E3 /* Build configuration list for PBXProject "Watchlist" */;
			compatibilityVersion = "Xcode 9.3";
			developmentRegion = en;
			hasScannedForEncodings = 0;
			knownRegions = (
				en,
				Base,
			);
			mainGroup = B52E6CD7226BA17600ABB5E3;
			productRefGroup = B52E6CE1226BA17600ABB5E3 /* Products */;
			projectDirPath = "";
			projectReferences = (
				{
					ProductGroup = B58BEDA8226C42F200A3B9F6 /* Products */;
					ProjectRef = B58BEDA7226C42F200A3B9F6 /* TMDBSwift.xcodeproj */;
				},
			);
			projectRoot = "";
			targets = (
				B52E6CDF226BA17600ABB5E3 /* Watchlist */,
				B52E6CF3226BA17700ABB5E3 /* WatchlistTests */,
			);
		};
/* End PBXProject section */

/* Begin PBXReferenceProxy section */
		B58BEDB1226C42F200A3B9F6 /* TMDBSwift.framework */ = {
			isa = PBXReferenceProxy;
			fileType = wrapper.framework;
			path = TMDBSwift.framework;
			remoteRef = B58BEDB0226C42F200A3B9F6 /* PBXContainerItemProxy */;
			sourceTree = BUILT_PRODUCTS_DIR;
		};
		B58BEDB3226C42F200A3B9F6 /* TMDBSwift-iOSTests.xctest */ = {
			isa = PBXReferenceProxy;
			fileType = wrapper.cfbundle;
			path = "TMDBSwift-iOSTests.xctest";
			remoteRef = B58BEDB2226C42F200A3B9F6 /* PBXContainerItemProxy */;
			sourceTree = BUILT_PRODUCTS_DIR;
		};
		B58BEDB5226C42F200A3B9F6 /* TMDBSwift.framework */ = {
			isa = PBXReferenceProxy;
			fileType = wrapper.framework;
			path = TMDBSwift.framework;
			remoteRef = B58BEDB4226C42F200A3B9F6 /* PBXContainerItemProxy */;
			sourceTree = BUILT_PRODUCTS_DIR;
		};
		B58BEDB7226C42F200A3B9F6 /* TMDBSwift-macOSTests.xctest */ = {
			isa = PBXReferenceProxy;
			fileType = wrapper.cfbundle;
			path = "TMDBSwift-macOSTests.xctest";
			remoteRef = B58BEDB6226C42F200A3B9F6 /* PBXContainerItemProxy */;
			sourceTree = BUILT_PRODUCTS_DIR;
		};
		B58BEDB9226C42F200A3B9F6 /* TMDBSwift.framework */ = {
			isa = PBXReferenceProxy;
			fileType = wrapper.framework;
			path = TMDBSwift.framework;
			remoteRef = B58BEDB8226C42F200A3B9F6 /* PBXContainerItemProxy */;
			sourceTree = BUILT_PRODUCTS_DIR;
		};
		B58BEDBB226C42F200A3B9F6 /* TMDBSwift-tvOSTests.xctest */ = {
			isa = PBXReferenceProxy;
			fileType = wrapper.cfbundle;
			path = "TMDBSwift-tvOSTests.xctest";
			remoteRef = B58BEDBA226C42F200A3B9F6 /* PBXContainerItemProxy */;
			sourceTree = BUILT_PRODUCTS_DIR;
		};
/* End PBXReferenceProxy section */

/* Begin PBXResourcesBuildPhase section */
		B52E6CDE226BA17600ABB5E3 /* Resources */ = {
			isa = PBXResourcesBuildPhase;
			buildActionMask = 2147483647;
			files = (
				B52E6CEE226BA17700ABB5E3 /* LaunchScreen.storyboard in Resources */,
				B52E6CEB226BA17700ABB5E3 /* Assets.xcassets in Resources */,
				B52E6CE9226BA17600ABB5E3 /* Main.storyboard in Resources */,
			);
			runOnlyForDeploymentPostprocessing = 0;
		};
		B52E6CF2226BA17700ABB5E3 /* Resources */ = {
			isa = PBXResourcesBuildPhase;
			buildActionMask = 2147483647;
			files = (
			);
			runOnlyForDeploymentPostprocessing = 0;
		};
/* End PBXResourcesBuildPhase section */

/* Begin PBXSourcesBuildPhase section */
		B52E6CDC226BA17600ABB5E3 /* Sources */ = {
			isa = PBXSourcesBuildPhase;
			buildActionMask = 2147483647;
			files = (
				B52E6CE6226BA17600ABB5E3 /* ViewController.swift in Sources */,
				B52E6CE4226BA17600ABB5E3 /* AppDelegate.swift in Sources */,
				B505EA8E2277F0D500A8A345 /* MovieTableViewCell.swift in Sources */,
			);
			runOnlyForDeploymentPostprocessing = 0;
		};
		B52E6CF0226BA17700ABB5E3 /* Sources */ = {
			isa = PBXSourcesBuildPhase;
			buildActionMask = 2147483647;
			files = (
				B52E6CF9226BA17700ABB5E3 /* WatchlistTests.swift in Sources */,
			);
			runOnlyForDeploymentPostprocessing = 0;
		};
/* End PBXSourcesBuildPhase section */

/* Begin PBXTargetDependency section */
		B52E6CF6226BA17700ABB5E3 /* PBXTargetDependency */ = {
			isa = PBXTargetDependency;
			target = B52E6CDF226BA17600ABB5E3 /* Watchlist */;
			targetProxy = B52E6CF5226BA17700ABB5E3 /* PBXContainerItemProxy */;
		};
		B58BEDBF226C430000A3B9F6 /* PBXTargetDependency */ = {
			isa = PBXTargetDependency;
			name = "TMDBSwift-iOS";
			targetProxy = B58BEDBE226C430000A3B9F6 /* PBXContainerItemProxy */;
		};
/* End PBXTargetDependency section */

/* Begin PBXVariantGroup section */
		B52E6CE7226BA17600ABB5E3 /* Main.storyboard */ = {
			isa = PBXVariantGroup;
			children = (
				B52E6CE8226BA17600ABB5E3 /* Base */,
			);
			name = Main.storyboard;
			sourceTree = "<group>";
		};
		B52E6CEC226BA17700ABB5E3 /* LaunchScreen.storyboard */ = {
			isa = PBXVariantGroup;
			children = (
				B52E6CED226BA17700ABB5E3 /* Base */,
			);
			name = LaunchScreen.storyboard;
			sourceTree = "<group>";
		};
/* End PBXVariantGroup section */

/* Begin XCBuildConfiguration section */
		B52E6CFB226BA17700ABB5E3 /* Debug */ = {
			isa = XCBuildConfiguration;
			buildSettings = {
				ALWAYS_SEARCH_USER_PATHS = NO;
				CLANG_ANALYZER_NONNULL = YES;
				CLANG_ANALYZER_NUMBER_OBJECT_CONVERSION = YES_AGGRESSIVE;
				CLANG_CXX_LANGUAGE_STANDARD = "gnu++14";
				CLANG_CXX_LIBRARY = "libc++";
				CLANG_ENABLE_MODULES = YES;
				CLANG_ENABLE_OBJC_ARC = YES;
				CLANG_ENABLE_OBJC_WEAK = YES;
				CLANG_WARN_BLOCK_CAPTURE_AUTORELEASING = YES;
				CLANG_WARN_BOOL_CONVERSION = YES;
				CLANG_WARN_COMMA = YES;
				CLANG_WARN_CONSTANT_CONVERSION = YES;
				CLANG_WARN_DEPRECATED_OBJC_IMPLEMENTATIONS = YES;
				CLANG_WARN_DIRECT_OBJC_ISA_USAGE = YES_ERROR;
				CLANG_WARN_DOCUMENTATION_COMMENTS = YES;
				CLANG_WARN_EMPTY_BODY = YES;
				CLANG_WARN_ENUM_CONVERSION = YES;
				CLANG_WARN_INFINITE_RECURSION = YES;
				CLANG_WARN_INT_CONVERSION = YES;
				CLANG_WARN_NON_LITERAL_NULL_CONVERSION = YES;
				CLANG_WARN_OBJC_IMPLICIT_RETAIN_SELF = YES;
				CLANG_WARN_OBJC_LITERAL_CONVERSION = YES;
				CLANG_WARN_OBJC_ROOT_CLASS = YES_ERROR;
				CLANG_WARN_RANGE_LOOP_ANALYSIS = YES;
				CLANG_WARN_STRICT_PROTOTYPES = YES;
				CLANG_WARN_SUSPICIOUS_MOVE = YES;
				CLANG_WARN_UNGUARDED_AVAILABILITY = YES_AGGRESSIVE;
				CLANG_WARN_UNREACHABLE_CODE = YES;
				CLANG_WARN__DUPLICATE_METHOD_MATCH = YES;
				CODE_SIGN_IDENTITY = "iPhone Developer";
				COPY_PHASE_STRIP = NO;
				DEBUG_INFORMATION_FORMAT = dwarf;
				ENABLE_STRICT_OBJC_MSGSEND = YES;
				ENABLE_TESTABILITY = YES;
				GCC_C_LANGUAGE_STANDARD = gnu11;
				GCC_DYNAMIC_NO_PIC = NO;
				GCC_NO_COMMON_BLOCKS = YES;
				GCC_OPTIMIZATION_LEVEL = 0;
				GCC_PREPROCESSOR_DEFINITIONS = (
					"DEBUG=1",
					"$(inherited)",
				);
				GCC_WARN_64_TO_32_BIT_CONVERSION = YES;
				GCC_WARN_ABOUT_RETURN_TYPE = YES_ERROR;
				GCC_WARN_UNDECLARED_SELECTOR = YES;
				GCC_WARN_UNINITIALIZED_AUTOS = YES_AGGRESSIVE;
				GCC_WARN_UNUSED_FUNCTION = YES;
				GCC_WARN_UNUSED_VARIABLE = YES;
				IPHONEOS_DEPLOYMENT_TARGET = 12.1;
				MTL_ENABLE_DEBUG_INFO = INCLUDE_SOURCE;
				MTL_FAST_MATH = YES;
				ONLY_ACTIVE_ARCH = YES;
				SDKROOT = iphoneos;
				SWIFT_ACTIVE_COMPILATION_CONDITIONS = DEBUG;
				SWIFT_OPTIMIZATION_LEVEL = "-Onone";
			};
			name = Debug;
		};
		B52E6CFC226BA17700ABB5E3 /* Release */ = {
			isa = XCBuildConfiguration;
			buildSettings = {
				ALWAYS_SEARCH_USER_PATHS = NO;
				CLANG_ANALYZER_NONNULL = YES;
				CLANG_ANALYZER_NUMBER_OBJECT_CONVERSION = YES_AGGRESSIVE;
				CLANG_CXX_LANGUAGE_STANDARD = "gnu++14";
				CLANG_CXX_LIBRARY = "libc++";
				CLANG_ENABLE_MODULES = YES;
				CLANG_ENABLE_OBJC_ARC = YES;
				CLANG_ENABLE_OBJC_WEAK = YES;
				CLANG_WARN_BLOCK_CAPTURE_AUTORELEASING = YES;
				CLANG_WARN_BOOL_CONVERSION = YES;
				CLANG_WARN_COMMA = YES;
				CLANG_WARN_CONSTANT_CONVERSION = YES;
				CLANG_WARN_DEPRECATED_OBJC_IMPLEMENTATIONS = YES;
				CLANG_WARN_DIRECT_OBJC_ISA_USAGE = YES_ERROR;
				CLANG_WARN_DOCUMENTATION_COMMENTS = YES;
				CLANG_WARN_EMPTY_BODY = YES;
				CLANG_WARN_ENUM_CONVERSION = YES;
				CLANG_WARN_INFINITE_RECURSION = YES;
				CLANG_WARN_INT_CONVERSION = YES;
				CLANG_WARN_NON_LITERAL_NULL_CONVERSION = YES;
				CLANG_WARN_OBJC_IMPLICIT_RETAIN_SELF = YES;
				CLANG_WARN_OBJC_LITERAL_CONVERSION = YES;
				CLANG_WARN_OBJC_ROOT_CLASS = YES_ERROR;
				CLANG_WARN_RANGE_LOOP_ANALYSIS = YES;
				CLANG_WARN_STRICT_PROTOTYPES = YES;
				CLANG_WARN_SUSPICIOUS_MOVE = YES;
				CLANG_WARN_UNGUARDED_AVAILABILITY = YES_AGGRESSIVE;
				CLANG_WARN_UNREACHABLE_CODE = YES;
				CLANG_WARN__DUPLICATE_METHOD_MATCH = YES;
				CODE_SIGN_IDENTITY = "iPhone Developer";
				COPY_PHASE_STRIP = NO;
				DEBUG_INFORMATION_FORMAT = "dwarf-with-dsym";
				ENABLE_NS_ASSERTIONS = NO;
				ENABLE_STRICT_OBJC_MSGSEND = YES;
				GCC_C_LANGUAGE_STANDARD = gnu11;
				GCC_NO_COMMON_BLOCKS = YES;
				GCC_WARN_64_TO_32_BIT_CONVERSION = YES;
				GCC_WARN_ABOUT_RETURN_TYPE = YES_ERROR;
				GCC_WARN_UNDECLARED_SELECTOR = YES;
				GCC_WARN_UNINITIALIZED_AUTOS = YES_AGGRESSIVE;
				GCC_WARN_UNUSED_FUNCTION = YES;
				GCC_WARN_UNUSED_VARIABLE = YES;
				IPHONEOS_DEPLOYMENT_TARGET = 12.1;
				MTL_ENABLE_DEBUG_INFO = NO;
				MTL_FAST_MATH = YES;
				SDKROOT = iphoneos;
				SWIFT_COMPILATION_MODE = wholemodule;
				SWIFT_OPTIMIZATION_LEVEL = "-O";
				VALIDATE_PRODUCT = YES;
			};
			name = Release;
		};
		B52E6CFE226BA17700ABB5E3 /* Debug */ = {
			isa = XCBuildConfiguration;
			buildSettings = {
				ALWAYS_EMBED_SWIFT_STANDARD_LIBRARIES = YES;
				ASSETCATALOG_COMPILER_APPICON_NAME = AppIcon;
				CODE_SIGN_STYLE = Automatic;
				DEVELOPMENT_TEAM = 8Y8CBDV62Q;
				INFOPLIST_FILE = Watchlist/Info.plist;
				LD_RUNPATH_SEARCH_PATHS = (
					"$(inherited)",
					"@executable_path/Frameworks",
				);
				PRODUCT_BUNDLE_IDENTIFIER = ccomish.Watchlist;
				PRODUCT_NAME = "$(TARGET_NAME)";
				SWIFT_VERSION = 4.2;
				TARGETED_DEVICE_FAMILY = "1,2";
			};
			name = Debug;
		};
		B52E6CFF226BA17700ABB5E3 /* Release */ = {
			isa = XCBuildConfiguration;
			buildSettings = {
				ALWAYS_EMBED_SWIFT_STANDARD_LIBRARIES = YES;
				ASSETCATALOG_COMPILER_APPICON_NAME = AppIcon;
				CODE_SIGN_STYLE = Automatic;
				DEVELOPMENT_TEAM = 8Y8CBDV62Q;
				INFOPLIST_FILE = Watchlist/Info.plist;
				LD_RUNPATH_SEARCH_PATHS = (
					"$(inherited)",
					"@executable_path/Frameworks",
				);
				PRODUCT_BUNDLE_IDENTIFIER = ccomish.Watchlist;
				PRODUCT_NAME = "$(TARGET_NAME)";
				SWIFT_VERSION = 4.2;
				TARGETED_DEVICE_FAMILY = "1,2";
			};
			name = Release;
		};
		B52E6D01226BA17700ABB5E3 /* Debug */ = {
			isa = XCBuildConfiguration;
			buildSettings = {
				ALWAYS_EMBED_SWIFT_STANDARD_LIBRARIES = YES;
				BUNDLE_LOADER = "$(TEST_HOST)";
				CODE_SIGN_STYLE = Automatic;
				INFOPLIST_FILE = WatchlistTests/Info.plist;
				LD_RUNPATH_SEARCH_PATHS = (
					"$(inherited)",
					"@executable_path/Frameworks",
					"@loader_path/Frameworks",
				);
				PRODUCT_BUNDLE_IDENTIFIER = ccomish.WatchlistTests;
				PRODUCT_NAME = "$(TARGET_NAME)";
				SWIFT_VERSION = 4.2;
				TARGETED_DEVICE_FAMILY = "1,2";
				TEST_HOST = "$(BUILT_PRODUCTS_DIR)/Watchlist.app/Watchlist";
			};
			name = Debug;
		};
		B52E6D02226BA17700ABB5E3 /* Release */ = {
			isa = XCBuildConfiguration;
			buildSettings = {
				ALWAYS_EMBED_SWIFT_STANDARD_LIBRARIES = YES;
				BUNDLE_LOADER = "$(TEST_HOST)";
				CODE_SIGN_STYLE = Automatic;
				INFOPLIST_FILE = WatchlistTests/Info.plist;
				LD_RUNPATH_SEARCH_PATHS = (
					"$(inherited)",
					"@executable_path/Frameworks",
					"@loader_path/Frameworks",
				);
				PRODUCT_BUNDLE_IDENTIFIER = ccomish.WatchlistTests;
				PRODUCT_NAME = "$(TARGET_NAME)";
				SWIFT_VERSION = 4.2;
				TARGETED_DEVICE_FAMILY = "1,2";
				TEST_HOST = "$(BUILT_PRODUCTS_DIR)/Watchlist.app/Watchlist";
			};
			name = Release;
		};
/* End XCBuildConfiguration section */

/* Begin XCConfigurationList section */
		B52E6CDB226BA17600ABB5E3 /* Build configuration list for PBXProject "Watchlist" */ = {
			isa = XCConfigurationList;
			buildConfigurations = (
				B52E6CFB226BA17700ABB5E3 /* Debug */,
				B52E6CFC226BA17700ABB5E3 /* Release */,
			);
			defaultConfigurationIsVisible = 0;
			defaultConfigurationName = Release;
		};
		B52E6CFD226BA17700ABB5E3 /* Build configuration list for PBXNativeTarget "Watchlist" */ = {
			isa = XCConfigurationList;
			buildConfigurations = (
				B52E6CFE226BA17700ABB5E3 /* Debug */,
				B52E6CFF226BA17700ABB5E3 /* Release */,
			);
			defaultConfigurationIsVisible = 0;
			defaultConfigurationName = Release;
		};
		B52E6D00226BA17700ABB5E3 /* Build configuration list for PBXNativeTarget "WatchlistTests" */ = {
			isa = XCConfigurationList;
			buildConfigurations = (
				B52E6D01226BA17700ABB5E3 /* Debug */,
				B52E6D02226BA17700ABB5E3 /* Release */,
			);
			defaultConfigurationIsVisible = 0;
			defaultConfigurationName = Release;
		};
/* End XCConfigurationList section */
	};
	rootObject = B52E6CD8226BA17600ABB5E3 /* Project object */;
}
